
Microsoft Visual Studio Solution File, Format Version 12.00
# Visual Studio Version 17
VisualStudioVersion = 17.1.32210.238
MinimumVisualStudioVersion = 10.0.40219.1
Project("{FAE04EC0-301F-11D3-BF4B-00C04F79EFBC}") = "WinFormCoffeeShops", "WinFormCoffeeShops\WinFormCoffeeShops.csproj", "{FDD055A5-1838-4724-B1C4-420FD727B700}"
EndProject
Global
	GlobalSection(SolutionConfigurationPlatforms) = preSolution
		Debug|Any CPU = Debug|Any CPU
		Release|Any CPU = Release|Any CPU
	EndGlobalSection
	GlobalSection(ProjectConfigurationPlatforms) = postSolution
		{FDD055A5-1838-4724-B1C4-420FD727B700}.Debug|Any CPU.ActiveCfg = Debug|Any CPU
		{FDD055A5-1838-4724-B1C4-420FD727B700}.Debug|Any CPU.Build.0 = Debug|Any CPU
		{FDD055A5-1838-4724-B1C4-420FD727B700}.Release|Any CPU.ActiveCfg = Release|Any CPU
		{FDD055A5-1838-4724-B1C4-420FD727B700}.Release|Any CPU.Build.0 = Release|Any CPU
	EndGlobalSection
	GlobalSection(SolutionProperties) = preSolution
		HideSolutionNode = FALSE
	EndGlobalSection
	GlobalSection(ExtensibilityGlobals) = postSolution
		SolutionGuid = {2860B1A6-94F6-4054-9F82-B971DC95BD03}
	EndGlobalSection
EndGlobal
